
Microsoft Visual Studio Solution File, Format Version 12.00
# Visual Studio Version 17
VisualStudioVersion = 17.5.33516.290
MinimumVisualStudioVersion = 10.0.40219.1
Project("{FAE04EC0-301F-11D3-BF4B-00C04F79EFBC}") = "SocketTCP", "SocketTCP.csproj", "{F709D6DC-4B20-46A9-ABED-3A44873E1F00}"
EndProject
Global
	GlobalSection(SolutionConfigurationPlatforms) = preSolution
		Debug|Any CPU = Debug|Any CPU
		Release|Any CPU = Release|Any CPU
	EndGlobalSection
	GlobalSection(ProjectConfigurationPlatforms) = postSolution
		{F709D6DC-4B20-46A9-ABED-3A44873E1F00}.Debug|Any CPU.ActiveCfg = Debug|Any CPU
		{F709D6DC-4B20-46A9-ABED-3A44873E1F00}.Debug|Any CPU.Build.0 = Debug|Any CPU
		{F709D6DC-4B20-46A9-ABED-3A44873E1F00}.Release|Any CPU.ActiveCfg = Release|Any CPU
		{F709D6DC-4B20-46A9-ABED-3A44873E1F00}.Release|Any CPU.Build.0 = Release|Any CPU
	EndGlobalSection
	GlobalSection(SolutionProperties) = preSolution
		HideSolutionNode = FALSE
	EndGlobalSection
	GlobalSection(ExtensibilityGlobals) = postSolution
		SolutionGuid = {337C31B2-074C-4763-97D6-819FE83B93B3}
	EndGlobalSection
EndGlobal
